<?xml version="1.0" encoding="utf-8"?>
<Project ToolsVersion="4.0" xmlns="http://schemas.microsoft.com/developer/msbuild/2003">
  <ItemGroup>
    <Filter Include="include">
      <UniqueIdentifier>{c8ce2f97-8a08-4675-b12a-45a62c4b0218}</UniqueIdentifier>
    </Filter>
    <Filter Include="include\EAAssert">
      <UniqueIdentifier>{0a28ec90-eb7d-4880-a35c-05eee2eb6ad0}</UniqueIdentifier>
    </Filter>
    <Filter Include="source">
      <UniqueIdentifier>{f1bcedf7-36b7-43d2-a550-2c62003376a9}</UniqueIdentifier>
    </Filter>
  </ItemGroup>
  <ItemGroup>
    <ClCompile Include="..\..\..\..\EAWebKitSupportPackages\EAAssertEAWebKit\local-1.03.04-01\source\eaassert.cpp">
      <Filter>source</Filter>
    </ClCompile>
  </ItemGroup>
  <ItemGroup>
    <ClInclude Include="..\..\..\..\EAWebKitSupportPackages\EAAssertEAWebKit\local-1.03.04-01\include\EAAssert\eaassert.h">
      <Filter>include\EAAssert</Filter>
    </ClInclude>
  </ItemGroup>
</Project>