<?xml version="1.0" encoding="utf-8"?>
<Project ToolsVersion="4.0" xmlns="http://schemas.microsoft.com/developer/msbuild/2003">
  <ItemGroup>
    <Filter Include="EABase">
      <UniqueIdentifier>{f8c5d2c4-b062-43bf-838c-bc2c426db9e9}</UniqueIdentifier>
    </Filter>
    <Filter Include="EABase\config">
      <UniqueIdentifier>{490232a6-cf42-4b1f-b4d1-05bc02a479a5}</UniqueIdentifier>
    </Filter>
  </ItemGroup>
  <ItemGroup>
    <ClInclude Include="..\..\..\..\EAWebKitSupportPackages\EABaseEAWebKit\local-2.06.05-01\include\Common\EABase\earesult.h">
      <Filter>EABase</Filter>
    </ClInclude>
    <ClInclude Include="..\..\..\..\EAWebKitSupportPackages\EABaseEAWebKit\local-2.06.05-01\include\Common\EABase\eastdarg.h">
      <Filter>EABase</Filter>
    </ClInclude>
    <ClInclude Include="..\..\..\..\EAWebKitSupportPackages\EABaseEAWebKit\local-2.06.05-01\include\Common\EABase\nullptr.h">
      <Filter>EABase</Filter>
    </ClInclude>
    <ClInclude Include="..\..\..\..\EAWebKitSupportPackages\EABaseEAWebKit\local-2.06.05-01\include\Common\EABase\version.h">
      <Filter>EABase</Filter>
    </ClInclude>
    <ClInclude Include="..\..\..\..\EAWebKitSupportPackages\EABaseEAWebKit\local-2.06.05-01\include\Common\EABase\eabase.h">
      <Filter>EABase</Filter>
    </ClInclude>
    <ClInclude Include="..\..\..\..\EAWebKitSupportPackages\EABaseEAWebKit\local-2.06.05-01\include\Common\EABase\eahave.h">
      <Filter>EABase</Filter>
    </ClInclude>
    <ClInclude Include="..\..\..\..\EAWebKitSupportPackages\EABaseEAWebKit\local-2.06.05-01\include\Common\EABase\config\eacompilertraits.h">
      <Filter>EABase\config</Filter>
    </ClInclude>
    <ClInclude Include="..\..\..\..\EAWebKitSupportPackages\EABaseEAWebKit\local-2.06.05-01\include\Common\EABase\config\eaplatform.h">
      <Filter>EABase\config</Filter>
    </ClInclude>
    <ClInclude Include="..\..\..\..\EAWebKitSupportPackages\EABaseEAWebKit\local-2.06.05-01\include\Common\EABase\config\eacompiler.h">
      <Filter>EABase\config</Filter>
    </ClInclude>
  </ItemGroup>
</Project>