<?xml version="1.0" encoding="utf-8"?>
<Project ToolsVersion="4.0" xmlns="http://schemas.microsoft.com/developer/msbuild/2003">
  <ItemGroup>
    <Filter Include="GLPipe">
      <UniqueIdentifier>{12ba45eb-8391-4e39-95fd-d81323d6b49c}</UniqueIdentifier>
    </Filter>
    <Filter Include="GLPipe\EGL">
      <UniqueIdentifier>{b5919e2f-364c-47cd-95b9-2bbb3ffbe6e3}</UniqueIdentifier>
    </Filter>
    <Filter Include="GLPipe\GLES2">
      <UniqueIdentifier>{bd702ff2-43a1-473f-a569-dce9494a9743}</UniqueIdentifier>
    </Filter>
    <Filter Include="GLPipe\KHR">
      <UniqueIdentifier>{dd89d513-bbe7-486c-b764-6960666d93a7}</UniqueIdentifier>
    </Filter>
    <Filter Include="include">
      <UniqueIdentifier>{768a2ea9-5b03-4321-b072-14ea1cf165f1}</UniqueIdentifier>
    </Filter>
    <Filter Include="include\cairo">
      <UniqueIdentifier>{3896551a-aae9-4f09-9031-6b0a7c23a47e}</UniqueIdentifier>
    </Filter>
    <Filter Include="source">
      <UniqueIdentifier>{3d2cd667-e57b-4e76-ac1e-644aa511b0cc}</UniqueIdentifier>
    </Filter>
  </ItemGroup>
  <ItemGroup>
    <None Include="..\..\..\..\EAWebKitSupportPackages\cairo\GLPipe\GLPIPE_proclist.inc">
      <Filter>GLPipe</Filter>
    </None>
  </ItemGroup>
  <ItemGroup>
    <ClCompile Include="..\..\..\..\EAWebKitSupportPackages\cairo\GLPipe\GLPipe.cpp">
      <Filter>GLPipe</Filter>
    </ClCompile>
    <ClCompile Include="..\..\..\..\EAWebKitSupportPackages\cairo\local-1.12.14\source\cairo-base85-stream.c">
      <Filter>source</Filter>
    </ClCompile>
    <ClCompile Include="..\..\..\..\EAWebKitSupportPackages\cairo\local-1.12.14\source\cairo-bentley-ottmann.c">
      <Filter>source</Filter>
    </ClCompile>
    <ClCompile Include="..\..\..\..\EAWebKitSupportPackages\cairo\local-1.12.14\source\cairo-bentley-ottmann-rectangular.c">
      <Filter>source</Filter>
    </ClCompile>
    <ClCompile Include="..\..\..\..\EAWebKitSupportPackages\cairo\local-1.12.14\source\cairo-bentley-ottmann-rectilinear.c">
      <Filter>source</Filter>
    </ClCompile>
    <ClCompile Include="..\..\..\..\EAWebKitSupportPackages\cairo\local-1.12.14\source\cairo-boxes.c">
      <Filter>source</Filter>
    </ClCompile>
    <ClCompile Include="..\..\..\..\EAWebKitSupportPackages\cairo\local-1.12.14\source\cairo-boxes-intersect.c">
      <Filter>source</Filter>
    </ClCompile>
    <ClCompile Include="..\..\..\..\EAWebKitSupportPackages\cairo\local-1.12.14\source\cairo.c">
      <Filter>source</Filter>
    </ClCompile>
    <ClCompile Include="..\..\..\..\EAWebKitSupportPackages\cairo\local-1.12.14\source\cairo-analysis-surface.c">
      <Filter>source</Filter>
    </ClCompile>
    <ClCompile Include="..\..\..\..\EAWebKitSupportPackages\cairo\local-1.12.14\source\cairo-arc.c">
      <Filter>source</Filter>
    </ClCompile>
    <ClCompile Include="..\..\..\..\EAWebKitSupportPackages\cairo\local-1.12.14\source\cairo-array.c">
      <Filter>source</Filter>
    </ClCompile>
    <ClCompile Include="..\..\..\..\EAWebKitSupportPackages\cairo\local-1.12.14\source\cairo-atomic.c">
      <Filter>source</Filter>
    </ClCompile>
    <ClCompile Include="..\..\..\..\EAWebKitSupportPackages\cairo\local-1.12.14\source\cairo-fallback-compositor.c">
      <Filter>source</Filter>
    </ClCompile>
    <ClCompile Include="..\..\..\..\EAWebKitSupportPackages\cairo\local-1.12.14\source\cairo-fixed.c">
      <Filter>source</Filter>
    </ClCompile>
    <ClCompile Include="..\..\..\..\EAWebKitSupportPackages\cairo\local-1.12.14\source\cairo-font-face.c">
      <Filter>source</Filter>
    </ClCompile>
    <ClCompile Include="..\..\..\..\EAWebKitSupportPackages\cairo\local-1.12.14\source\cairo-font-face-twin.c">
      <Filter>source</Filter>
    </ClCompile>
    <ClCompile Include="..\..\..\..\EAWebKitSupportPackages\cairo\local-1.12.14\source\cairo-font-face-twin-data.c">
      <Filter>source</Filter>
    </ClCompile>
    <ClCompile Include="..\..\..\..\EAWebKitSupportPackages\cairo\local-1.12.14\source\cairo-font-options.c">
      <Filter>source</Filter>
    </ClCompile>
    <ClCompile Include="..\..\..\..\EAWebKitSupportPackages\cairo\local-1.12.14\source\cairo-freelist.c">
      <Filter>source</Filter>
    </ClCompile>
    <ClCompile Include="..\..\..\..\EAWebKitSupportPackages\cairo\local-1.12.14\source\cairo-cache.c">
      <Filter>source</Filter>
    </ClCompile>
    <ClCompile Include="..\..\..\..\EAWebKitSupportPackages\cairo\local-1.12.14\source\cairo-cff-subset.c">
      <Filter>source</Filter>
    </ClCompile>
    <ClCompile Include="..\..\..\..\EAWebKitSupportPackages\cairo\local-1.12.14\source\cairo-clip.c">
      <Filter>source</Filter>
    </ClCompile>
    <ClCompile Include="..\..\..\..\EAWebKitSupportPackages\cairo\local-1.12.14\source\cairo-clip-boxes.c">
      <Filter>source</Filter>
    </ClCompile>
    <ClCompile Include="..\..\..\..\EAWebKitSupportPackages\cairo\local-1.12.14\source\cairo-clip-polygon.c">
      <Filter>source</Filter>
    </ClCompile>
    <ClCompile Include="..\..\..\..\EAWebKitSupportPackages\cairo\local-1.12.14\source\cairo-clip-region.c">
      <Filter>source</Filter>
    </ClCompile>
    <ClCompile Include="..\..\..\..\EAWebKitSupportPackages\cairo\local-1.12.14\source\cairo-clip-surface.c">
      <Filter>source</Filter>
    </ClCompile>
    <ClCompile Include="..\..\..\..\EAWebKitSupportPackages\cairo\local-1.12.14\source\cairo-clip-tor-scan-converter.c">
      <Filter>source</Filter>
    </ClCompile>
    <ClCompile Include="..\..\..\..\EAWebKitSupportPackages\cairo\local-1.12.14\source\cairo-color.c">
      <Filter>source</Filter>
    </ClCompile>
    <ClCompile Include="..\..\..\..\EAWebKitSupportPackages\cairo\local-1.12.14\source\cairo-composite-rectangles.c">
      <Filter>source</Filter>
    </ClCompile>
    <ClCompile Include="..\..\..\..\EAWebKitSupportPackages\cairo\local-1.12.14\source\cairo-compositor.c">
      <Filter>source</Filter>
    </ClCompile>
    <ClCompile Include="..\..\..\..\EAWebKitSupportPackages\cairo\local-1.12.14\source\cairo-contour.c">
      <Filter>source</Filter>
    </ClCompile>
    <ClCompile Include="..\..\..\..\EAWebKitSupportPackages\cairo\local-1.12.14\source\cairo-damage.c">
      <Filter>source</Filter>
    </ClCompile>
    <ClCompile Include="..\..\..\..\EAWebKitSupportPackages\cairo\local-1.12.14\source\cairo-debug.c">
      <Filter>source</Filter>
    </ClCompile>
    <ClCompile Include="..\..\..\..\EAWebKitSupportPackages\cairo\local-1.12.14\source\cairo-default-context.c">
      <Filter>source</Filter>
    </ClCompile>
    <ClCompile Include="..\..\..\..\EAWebKitSupportPackages\cairo\local-1.12.14\source\cairo-device.c">
      <Filter>source</Filter>
    </ClCompile>
    <ClCompile Include="..\..\..\..\EAWebKitSupportPackages\cairo\local-1.12.14\source\cairo-egl-context.c">
      <Filter>source</Filter>
    </ClCompile>
    <ClCompile Include="..\..\..\..\EAWebKitSupportPackages\cairo\local-1.12.14\source\cairo-error.c">
      <Filter>source</Filter>
    </ClCompile>
    <ClCompile Include="..\..\..\..\EAWebKitSupportPackages\cairo\local-1.12.14\source\cairo-gl-composite.c">
      <Filter>source</Filter>
    </ClCompile>
    <ClCompile Include="..\..\..\..\EAWebKitSupportPackages\cairo\local-1.12.14\source\cairo-gl-device.c">
      <Filter>source</Filter>
    </ClCompile>
    <ClCompile Include="..\..\..\..\EAWebKitSupportPackages\cairo\local-1.12.14\source\cairo-gl-dispatch.c">
      <Filter>source</Filter>
    </ClCompile>
    <ClCompile Include="..\..\..\..\EAWebKitSupportPackages\cairo\local-1.12.14\source\cairo-gl-glyphs.c">
      <Filter>source</Filter>
    </ClCompile>
    <ClCompile Include="..\..\..\..\EAWebKitSupportPackages\cairo\local-1.12.14\source\cairo-gl-gradient.c">
      <Filter>source</Filter>
    </ClCompile>
    <ClCompile Include="..\..\..\..\EAWebKitSupportPackages\cairo\local-1.12.14\source\cairo-gl-info.c">
      <Filter>source</Filter>
    </ClCompile>
    <ClCompile Include="..\..\..\..\EAWebKitSupportPackages\cairo\local-1.12.14\source\cairo-gl-msaa-compositor.c">
      <Filter>source</Filter>
    </ClCompile>
    <ClCompile Include="..\..\..\..\EAWebKitSupportPackages\cairo\local-1.12.14\source\cairo-gl-operand.c">
      <Filter>source</Filter>
    </ClCompile>
    <ClCompile Include="..\..\..\..\EAWebKitSupportPackages\cairo\local-1.12.14\source\cairo-gl-shaders.c">
      <Filter>source</Filter>
    </ClCompile>
    <ClCompile Include="..\..\..\..\EAWebKitSupportPackages\cairo\local-1.12.14\source\cairo-gl-source.c">
      <Filter>source</Filter>
    </ClCompile>
    <ClCompile Include="..\..\..\..\EAWebKitSupportPackages\cairo\local-1.12.14\source\cairo-gl-spans-compositor.c">
      <Filter>source</Filter>
    </ClCompile>
    <ClCompile Include="..\..\..\..\EAWebKitSupportPackages\cairo\local-1.12.14\source\cairo-gl-surface.c">
      <Filter>source</Filter>
    </ClCompile>
    <ClCompile Include="..\..\..\..\EAWebKitSupportPackages\cairo\local-1.12.14\source\cairo-gl-traps-compositor.c">
      <Filter>source</Filter>
    </ClCompile>
    <ClCompile Include="..\..\..\..\EAWebKitSupportPackages\cairo\local-1.12.14\source\cairo-gstate.c">
      <Filter>source</Filter>
    </ClCompile>
    <ClCompile Include="..\..\..\..\EAWebKitSupportPackages\cairo\local-1.12.14\source\cairo-hash.c">
      <Filter>source</Filter>
    </ClCompile>
    <ClCompile Include="..\..\..\..\EAWebKitSupportPackages\cairo\local-1.12.14\source\cairo-hull.c">
      <Filter>source</Filter>
    </ClCompile>
    <ClCompile Include="..\..\..\..\EAWebKitSupportPackages\cairo\local-1.12.14\source\cairo-image-compositor.c">
      <Filter>source</Filter>
    </ClCompile>
    <ClCompile Include="..\..\..\..\EAWebKitSupportPackages\cairo\local-1.12.14\source\cairo-image-info.c">
      <Filter>source</Filter>
    </ClCompile>
    <ClCompile Include="..\..\..\..\EAWebKitSupportPackages\cairo\local-1.12.14\source\cairo-image-source.c">
      <Filter>source</Filter>
    </ClCompile>
    <ClCompile Include="..\..\..\..\EAWebKitSupportPackages\cairo\local-1.12.14\source\cairo-image-surface.c">
      <Filter>source</Filter>
    </ClCompile>
    <ClCompile Include="..\..\..\..\EAWebKitSupportPackages\cairo\local-1.12.14\source\cairo-lzw.c">
      <Filter>source</Filter>
    </ClCompile>
    <ClCompile Include="..\..\..\..\EAWebKitSupportPackages\cairo\local-1.12.14\source\cairo-mask-compositor.c">
      <Filter>source</Filter>
    </ClCompile>
    <ClCompile Include="..\..\..\..\EAWebKitSupportPackages\cairo\local-1.12.14\source\cairo-matrix.c">
      <Filter>source</Filter>
    </ClCompile>
    <ClCompile Include="..\..\..\..\EAWebKitSupportPackages\cairo\local-1.12.14\source\cairo-mesh-pattern-rasterizer.c">
      <Filter>source</Filter>
    </ClCompile>
    <ClCompile Include="..\..\..\..\EAWebKitSupportPackages\cairo\local-1.12.14\source\cairo-misc.c">
      <Filter>source</Filter>
    </ClCompile>
    <ClCompile Include="..\..\..\..\EAWebKitSupportPackages\cairo\local-1.12.14\source\cairo-mono-scan-converter.c">
      <Filter>source</Filter>
    </ClCompile>
    <ClCompile Include="..\..\..\..\EAWebKitSupportPackages\cairo\local-1.12.14\source\cairo-mutex.c">
      <Filter>source</Filter>
    </ClCompile>
    <ClCompile Include="..\..\..\..\EAWebKitSupportPackages\cairo\local-1.12.14\source\cairo-surface-offset.c">
      <Filter>source</Filter>
    </ClCompile>
    <ClCompile Include="..\..\..\..\EAWebKitSupportPackages\cairo\local-1.12.14\source\cairo-surface-snapshot.c">
      <Filter>source</Filter>
    </ClCompile>
    <ClCompile Include="..\..\..\..\EAWebKitSupportPackages\cairo\local-1.12.14\source\cairo-surface-subsurface.c">
      <Filter>source</Filter>
    </ClCompile>
    <ClCompile Include="..\..\..\..\EAWebKitSupportPackages\cairo\local-1.12.14\source\cairo-surface-wrapper.c">
      <Filter>source</Filter>
    </ClCompile>
    <ClCompile Include="..\..\..\..\EAWebKitSupportPackages\cairo\local-1.12.14\source\cairo-no-compositor.c">
      <Filter>source</Filter>
    </ClCompile>
    <ClCompile Include="..\..\..\..\EAWebKitSupportPackages\cairo\local-1.12.14\source\cairo-observer.c">
      <Filter>source</Filter>
    </ClCompile>
    <ClCompile Include="..\..\..\..\EAWebKitSupportPackages\cairo\local-1.12.14\source\cairo-output-stream.c">
      <Filter>source</Filter>
    </ClCompile>
    <ClCompile Include="..\..\..\..\EAWebKitSupportPackages\cairo\local-1.12.14\source\cairo-paginated-surface.c">
      <Filter>source</Filter>
    </ClCompile>
    <ClCompile Include="..\..\..\..\EAWebKitSupportPackages\cairo\local-1.12.14\source\cairo-path.c">
      <Filter>source</Filter>
    </ClCompile>
    <ClCompile Include="..\..\..\..\EAWebKitSupportPackages\cairo\local-1.12.14\source\cairo-path-bounds.c">
      <Filter>source</Filter>
    </ClCompile>
    <ClCompile Include="..\..\..\..\EAWebKitSupportPackages\cairo\local-1.12.14\source\cairo-path-fill.c">
      <Filter>source</Filter>
    </ClCompile>
    <ClCompile Include="..\..\..\..\EAWebKitSupportPackages\cairo\local-1.12.14\source\cairo-path-fixed.c">
      <Filter>source</Filter>
    </ClCompile>
    <ClCompile Include="..\..\..\..\EAWebKitSupportPackages\cairo\local-1.12.14\source\cairo-path-in-fill.c">
      <Filter>source</Filter>
    </ClCompile>
    <ClCompile Include="..\..\..\..\EAWebKitSupportPackages\cairo\local-1.12.14\source\cairo-path-stroke.c">
      <Filter>source</Filter>
    </ClCompile>
    <ClCompile Include="..\..\..\..\EAWebKitSupportPackages\cairo\local-1.12.14\source\cairo-path-stroke-boxes.c">
      <Filter>source</Filter>
    </ClCompile>
    <ClCompile Include="..\..\..\..\EAWebKitSupportPackages\cairo\local-1.12.14\source\cairo-path-stroke-polygon.c">
      <Filter>source</Filter>
    </ClCompile>
    <ClCompile Include="..\..\..\..\EAWebKitSupportPackages\cairo\local-1.12.14\source\cairo-path-stroke-traps.c">
      <Filter>source</Filter>
    </ClCompile>
    <ClCompile Include="..\..\..\..\EAWebKitSupportPackages\cairo\local-1.12.14\source\cairo-path-stroke-tristrip.c">
      <Filter>source</Filter>
    </ClCompile>
    <ClCompile Include="..\..\..\..\EAWebKitSupportPackages\cairo\local-1.12.14\source\cairo-pattern.c">
      <Filter>source</Filter>
    </ClCompile>
    <ClCompile Include="..\..\..\..\EAWebKitSupportPackages\cairo\local-1.12.14\source\cairo-pen.c">
      <Filter>source</Filter>
    </ClCompile>
    <ClCompile Include="..\..\..\..\EAWebKitSupportPackages\cairo\local-1.12.14\source\cairo-png.c">
      <Filter>source</Filter>
    </ClCompile>
    <ClCompile Include="..\..\..\..\EAWebKitSupportPackages\cairo\local-1.12.14\source\cairo-polygon.c">
      <Filter>source</Filter>
    </ClCompile>
    <ClCompile Include="..\..\..\..\EAWebKitSupportPackages\cairo\local-1.12.14\source\cairo-polygon-intersect.c">
      <Filter>source</Filter>
    </ClCompile>
    <ClCompile Include="..\..\..\..\EAWebKitSupportPackages\cairo\local-1.12.14\source\cairo-polygon-reduce.c">
      <Filter>source</Filter>
    </ClCompile>
    <ClCompile Include="..\..\..\..\EAWebKitSupportPackages\cairo\local-1.12.14\source\cairo-raster-source-pattern.c">
      <Filter>source</Filter>
    </ClCompile>
    <ClCompile Include="..\..\..\..\EAWebKitSupportPackages\cairo\local-1.12.14\source\cairo-recording-surface.c">
      <Filter>source</Filter>
    </ClCompile>
    <ClCompile Include="..\..\..\..\EAWebKitSupportPackages\cairo\local-1.12.14\source\cairo-rectangle.c">
      <Filter>source</Filter>
    </ClCompile>
    <ClCompile Include="..\..\..\..\EAWebKitSupportPackages\cairo\local-1.12.14\source\cairo-rectangular-scan-converter.c">
      <Filter>source</Filter>
    </ClCompile>
    <ClCompile Include="..\..\..\..\EAWebKitSupportPackages\cairo\local-1.12.14\source\cairo-region.c">
      <Filter>source</Filter>
    </ClCompile>
    <ClCompile Include="..\..\..\..\EAWebKitSupportPackages\cairo\local-1.12.14\source\cairo-rtree.c">
      <Filter>source</Filter>
    </ClCompile>
    <ClCompile Include="..\..\..\..\EAWebKitSupportPackages\cairo\local-1.12.14\source\cairo-scaled-font.c">
      <Filter>source</Filter>
    </ClCompile>
    <ClCompile Include="..\..\..\..\EAWebKitSupportPackages\cairo\local-1.12.14\source\cairo-scaled-font-subsets.c">
      <Filter>source</Filter>
    </ClCompile>
    <ClCompile Include="..\..\..\..\EAWebKitSupportPackages\cairo\local-1.12.14\source\cairo-shape-mask-compositor.c">
      <Filter>source</Filter>
    </ClCompile>
    <ClCompile Include="..\..\..\..\EAWebKitSupportPackages\cairo\local-1.12.14\source\cairo-slope.c">
      <Filter>source</Filter>
    </ClCompile>
    <ClCompile Include="..\..\..\..\EAWebKitSupportPackages\cairo\local-1.12.14\source\cairo-spans.c">
      <Filter>source</Filter>
    </ClCompile>
    <ClCompile Include="..\..\..\..\EAWebKitSupportPackages\cairo\local-1.12.14\source\cairo-spans-compositor.c">
      <Filter>source</Filter>
    </ClCompile>
    <ClCompile Include="..\..\..\..\EAWebKitSupportPackages\cairo\local-1.12.14\source\cairo-spline.c">
      <Filter>source</Filter>
    </ClCompile>
    <ClCompile Include="..\..\..\..\EAWebKitSupportPackages\cairo\local-1.12.14\source\cairo-stroke-dash.c">
      <Filter>source</Filter>
    </ClCompile>
    <ClCompile Include="..\..\..\..\EAWebKitSupportPackages\cairo\local-1.12.14\source\cairo-stroke-style.c">
      <Filter>source</Filter>
    </ClCompile>
    <ClCompile Include="..\..\..\..\EAWebKitSupportPackages\cairo\local-1.12.14\source\cairo-surface.c">
      <Filter>source</Filter>
    </ClCompile>
    <ClCompile Include="..\..\..\..\EAWebKitSupportPackages\cairo\local-1.12.14\source\cairo-surface-clipper.c">
      <Filter>source</Filter>
    </ClCompile>
    <ClCompile Include="..\..\..\..\EAWebKitSupportPackages\cairo\local-1.12.14\source\cairo-surface-fallback.c">
      <Filter>source</Filter>
    </ClCompile>
    <ClCompile Include="..\..\..\..\EAWebKitSupportPackages\cairo\local-1.12.14\source\cairo-version.c">
      <Filter>source</Filter>
    </ClCompile>
    <ClCompile Include="..\..\..\..\EAWebKitSupportPackages\cairo\local-1.12.14\source\cairo-wideint.c">
      <Filter>source</Filter>
    </ClCompile>
    <ClCompile Include="..\..\..\..\EAWebKitSupportPackages\cairo\local-1.12.14\source\cairo-tor22-scan-converter.c">
      <Filter>source</Filter>
    </ClCompile>
    <ClCompile Include="..\..\..\..\EAWebKitSupportPackages\cairo\local-1.12.14\source\cairo-tor-scan-converter.c">
      <Filter>source</Filter>
    </ClCompile>
    <ClCompile Include="..\..\..\..\EAWebKitSupportPackages\cairo\local-1.12.14\source\cairo-toy-font-face.c">
      <Filter>source</Filter>
    </ClCompile>
    <ClCompile Include="..\..\..\..\EAWebKitSupportPackages\cairo\local-1.12.14\source\cairo-traps.c">
      <Filter>source</Filter>
    </ClCompile>
    <ClCompile Include="..\..\..\..\EAWebKitSupportPackages\cairo\local-1.12.14\source\cairo-traps-compositor.c">
      <Filter>source</Filter>
    </ClCompile>
    <ClCompile Include="..\..\..\..\EAWebKitSupportPackages\cairo\local-1.12.14\source\cairo-tristrip.c">
      <Filter>source</Filter>
    </ClCompile>
    <ClCompile Include="..\..\..\..\EAWebKitSupportPackages\cairo\local-1.12.14\source\cairo-truetype-subset.c">
      <Filter>source</Filter>
    </ClCompile>
    <ClCompile Include="..\..\..\..\EAWebKitSupportPackages\cairo\local-1.12.14\source\cairo-type1-fallback.c">
      <Filter>source</Filter>
    </ClCompile>
    <ClCompile Include="..\..\..\..\EAWebKitSupportPackages\cairo\local-1.12.14\source\cairo-type1-glyph-names.c">
      <Filter>source</Filter>
    </ClCompile>
    <ClCompile Include="..\..\..\..\EAWebKitSupportPackages\cairo\local-1.12.14\source\cairo-type1-subset.c">
      <Filter>source</Filter>
    </ClCompile>
    <ClCompile Include="..\..\..\..\EAWebKitSupportPackages\cairo\local-1.12.14\source\cairo-unicode.c">
      <Filter>source</Filter>
    </ClCompile>
    <ClCompile Include="..\..\..\..\EAWebKitSupportPackages\cairo\local-1.12.14\source\cairo-user-font.c">
      <Filter>source</Filter>
    </ClCompile>
  </ItemGroup>
  <ItemGroup>
    <ClInclude Include="..\..\..\..\EAWebKitSupportPackages\cairo\GLPipe\GLPipe.h">
      <Filter>GLPipe</Filter>
    </ClInclude>
    <ClInclude Include="..\..\..\..\EAWebKitSupportPackages\cairo\GLPipe\KHR\khrplatform.h">
      <Filter>GLPipe\KHR</Filter>
    </ClInclude>
    <ClInclude Include="..\..\..\..\EAWebKitSupportPackages\cairo\GLPipe\GLES2\gl2ext.h">
      <Filter>GLPipe\GLES2</Filter>
    </ClInclude>
    <ClInclude Include="..\..\..\..\EAWebKitSupportPackages\cairo\GLPipe\GLES2\gl2platform.h">
      <Filter>GLPipe\GLES2</Filter>
    </ClInclude>
    <ClInclude Include="..\..\..\..\EAWebKitSupportPackages\cairo\GLPipe\GLES2\gl2.h">
      <Filter>GLPipe\GLES2</Filter>
    </ClInclude>
    <ClInclude Include="..\..\..\..\EAWebKitSupportPackages\cairo\GLPipe\EGL\eglplatform.h">
      <Filter>GLPipe\EGL</Filter>
    </ClInclude>
    <ClInclude Include="..\..\..\..\EAWebKitSupportPackages\cairo\GLPipe\EGL\egl.h">
      <Filter>GLPipe\EGL</Filter>
    </ClInclude>
    <ClInclude Include="..\..\..\..\EAWebKitSupportPackages\cairo\local-1.12.14\include\cairo\cairo-deprecated.h">
      <Filter>include\cairo</Filter>
    </ClInclude>
    <ClInclude Include="..\..\..\..\EAWebKitSupportPackages\cairo\local-1.12.14\include\cairo\cairo-features.h">
      <Filter>include\cairo</Filter>
    </ClInclude>
    <ClInclude Include="..\..\..\..\EAWebKitSupportPackages\cairo\local-1.12.14\include\cairo\cairo-gl.h">
      <Filter>include\cairo</Filter>
    </ClInclude>
    <ClInclude Include="..\..\..\..\EAWebKitSupportPackages\cairo\local-1.12.14\include\cairo\cairo-malloc.h">
      <Filter>include\cairo</Filter>
    </ClInclude>
    <ClInclude Include="..\..\..\..\EAWebKitSupportPackages\cairo\local-1.12.14\include\cairo\cairo.h">
      <Filter>include\cairo</Filter>
    </ClInclude>
    <ClInclude Include="..\..\..\..\EAWebKitSupportPackages\cairo\local-1.12.14\source\cairo-boxes-private.h">
      <Filter>source</Filter>
    </ClInclude>
    <ClInclude Include="..\..\..\..\EAWebKitSupportPackages\cairo\local-1.12.14\source\cairo-box-inline.h">
      <Filter>source</Filter>
    </ClInclude>
    <ClInclude Include="..\..\..\..\EAWebKitSupportPackages\cairo\local-1.12.14\source\cairo-analysis-surface-private.h">
      <Filter>source</Filter>
    </ClInclude>
    <ClInclude Include="..\..\..\..\EAWebKitSupportPackages\cairo\local-1.12.14\source\cairo-arc-private.h">
      <Filter>source</Filter>
    </ClInclude>
    <ClInclude Include="..\..\..\..\EAWebKitSupportPackages\cairo\local-1.12.14\source\cairo-array-private.h">
      <Filter>source</Filter>
    </ClInclude>
    <ClInclude Include="..\..\..\..\EAWebKitSupportPackages\cairo\local-1.12.14\source\cairo-atomic-private.h">
      <Filter>source</Filter>
    </ClInclude>
    <ClInclude Include="..\..\..\..\EAWebKitSupportPackages\cairo\local-1.12.14\source\cairo-backend-private.h">
      <Filter>source</Filter>
    </ClInclude>
    <ClInclude Include="..\..\..\..\EAWebKitSupportPackages\cairo\local-1.12.14\source\cairo-fixed-private.h">
      <Filter>source</Filter>
    </ClInclude>
    <ClInclude Include="..\..\..\..\EAWebKitSupportPackages\cairo\local-1.12.14\source\cairo-fixed-type-private.h">
      <Filter>source</Filter>
    </ClInclude>
    <ClInclude Include="..\..\..\..\EAWebKitSupportPackages\cairo\local-1.12.14\source\cairo-freed-pool-private.h">
      <Filter>source</Filter>
    </ClInclude>
    <ClInclude Include="..\..\..\..\EAWebKitSupportPackages\cairo\local-1.12.14\source\cairo-freelist-private.h">
      <Filter>source</Filter>
    </ClInclude>
    <ClInclude Include="..\..\..\..\EAWebKitSupportPackages\cairo\local-1.12.14\source\cairo-freelist-type-private.h">
      <Filter>source</Filter>
    </ClInclude>
    <ClInclude Include="..\..\..\..\EAWebKitSupportPackages\cairo\local-1.12.14\source\cairo-cache-private.h">
      <Filter>source</Filter>
    </ClInclude>
    <ClInclude Include="..\..\..\..\EAWebKitSupportPackages\cairo\local-1.12.14\source\cairo-clip-inline.h">
      <Filter>source</Filter>
    </ClInclude>
    <ClInclude Include="..\..\..\..\EAWebKitSupportPackages\cairo\local-1.12.14\source\cairo-clip-private.h">
      <Filter>source</Filter>
    </ClInclude>
    <ClInclude Include="..\..\..\..\EAWebKitSupportPackages\cairo\local-1.12.14\source\cairo-combsort-inline.h">
      <Filter>source</Filter>
    </ClInclude>
    <ClInclude Include="..\..\..\..\EAWebKitSupportPackages\cairo\local-1.12.14\source\cairo-compiler-private.h">
      <Filter>source</Filter>
    </ClInclude>
    <ClInclude Include="..\..\..\..\EAWebKitSupportPackages\cairo\local-1.12.14\source\cairo-composite-rectangles-private.h">
      <Filter>source</Filter>
    </ClInclude>
    <ClInclude Include="..\..\..\..\EAWebKitSupportPackages\cairo\local-1.12.14\source\cairo-compositor-private.h">
      <Filter>source</Filter>
    </ClInclude>
    <ClInclude Include="..\..\..\..\EAWebKitSupportPackages\cairo\local-1.12.14\source\cairo-contour-inline.h">
      <Filter>source</Filter>
    </ClInclude>
    <ClInclude Include="..\..\..\..\EAWebKitSupportPackages\cairo\local-1.12.14\source\cairo-contour-private.h">
      <Filter>source</Filter>
    </ClInclude>
    <ClInclude Include="..\..\..\..\EAWebKitSupportPackages\cairo\local-1.12.14\source\cairo-damage-private.h">
      <Filter>source</Filter>
    </ClInclude>
    <ClInclude Include="..\..\..\..\EAWebKitSupportPackages\cairo\local-1.12.14\source\cairo-default-context-private.h">
      <Filter>source</Filter>
    </ClInclude>
    <ClInclude Include="..\..\..\..\EAWebKitSupportPackages\cairo\local-1.12.14\source\cairo-device-private.h">
      <Filter>source</Filter>
    </ClInclude>
    <ClInclude Include="..\..\..\..\EAWebKitSupportPackages\cairo\local-1.12.14\source\cairo-error-private.h">
      <Filter>source</Filter>
    </ClInclude>
    <ClInclude Include="..\..\..\..\EAWebKitSupportPackages\cairo\local-1.12.14\source\cairo-mutex-impl-private.h">
      <Filter>source</Filter>
    </ClInclude>
    <ClInclude Include="..\..\..\..\EAWebKitSupportPackages\cairo\local-1.12.14\source\cairo-mutex-list-private.h">
      <Filter>source</Filter>
    </ClInclude>
    <ClInclude Include="..\..\..\..\EAWebKitSupportPackages\cairo\local-1.12.14\source\cairo-mutex-private.h">
      <Filter>source</Filter>
    </ClInclude>
    <ClInclude Include="..\..\..\..\EAWebKitSupportPackages\cairo\local-1.12.14\source\cairo-mutex-type-private.h">
      <Filter>source</Filter>
    </ClInclude>
    <ClInclude Include="..\..\..\..\EAWebKitSupportPackages\cairo\local-1.12.14\source\cairo-gl-dispatch-private.h">
      <Filter>source</Filter>
    </ClInclude>
    <ClInclude Include="..\..\..\..\EAWebKitSupportPackages\cairo\local-1.12.14\source\cairo-gl-ext-def-private.h">
      <Filter>source</Filter>
    </ClInclude>
    <ClInclude Include="..\..\..\..\EAWebKitSupportPackages\cairo\local-1.12.14\source\cairo-gl-gradient-private.h">
      <Filter>source</Filter>
    </ClInclude>
    <ClInclude Include="..\..\..\..\EAWebKitSupportPackages\cairo\local-1.12.14\source\cairo-gl-private.h">
      <Filter>source</Filter>
    </ClInclude>
    <ClInclude Include="..\..\..\..\EAWebKitSupportPackages\cairo\local-1.12.14\source\cairo-gstate-private.h">
      <Filter>source</Filter>
    </ClInclude>
    <ClInclude Include="..\..\..\..\EAWebKitSupportPackages\cairo\local-1.12.14\source\cairo-hash-private.h">
      <Filter>source</Filter>
    </ClInclude>
    <ClInclude Include="..\..\..\..\EAWebKitSupportPackages\cairo\local-1.12.14\source\cairo-image-info-private.h">
      <Filter>source</Filter>
    </ClInclude>
    <ClInclude Include="..\..\..\..\EAWebKitSupportPackages\cairo\local-1.12.14\source\cairo-image-surface-inline.h">
      <Filter>source</Filter>
    </ClInclude>
    <ClInclude Include="..\..\..\..\EAWebKitSupportPackages\cairo\local-1.12.14\source\cairo-image-surface-private.h">
      <Filter>source</Filter>
    </ClInclude>
    <ClInclude Include="..\..\..\..\EAWebKitSupportPackages\cairo\local-1.12.14\source\cairoint.h">
      <Filter>source</Filter>
    </ClInclude>
    <ClInclude Include="..\..\..\..\EAWebKitSupportPackages\cairo\local-1.12.14\source\cairo-list-inline.h">
      <Filter>source</Filter>
    </ClInclude>
    <ClInclude Include="..\..\..\..\EAWebKitSupportPackages\cairo\local-1.12.14\source\cairo-list-private.h">
      <Filter>source</Filter>
    </ClInclude>
    <ClInclude Include="..\..\..\..\EAWebKitSupportPackages\cairo\local-1.12.14\source\cairo-malloc-private.h">
      <Filter>source</Filter>
    </ClInclude>
    <ClInclude Include="..\..\..\..\EAWebKitSupportPackages\cairo\local-1.12.14\source\cairo-surface-inline.h">
      <Filter>source</Filter>
    </ClInclude>
    <ClInclude Include="..\..\..\..\EAWebKitSupportPackages\cairo\local-1.12.14\source\cairo-surface-observer-private.h">
      <Filter>source</Filter>
    </ClInclude>
    <ClInclude Include="..\..\..\..\EAWebKitSupportPackages\cairo\local-1.12.14\source\cairo-surface-offset-private.h">
      <Filter>source</Filter>
    </ClInclude>
    <ClInclude Include="..\..\..\..\EAWebKitSupportPackages\cairo\local-1.12.14\source\cairo-surface-private.h">
      <Filter>source</Filter>
    </ClInclude>
    <ClInclude Include="..\..\..\..\EAWebKitSupportPackages\cairo\local-1.12.14\source\cairo-surface-snapshot-inline.h">
      <Filter>source</Filter>
    </ClInclude>
    <ClInclude Include="..\..\..\..\EAWebKitSupportPackages\cairo\local-1.12.14\source\cairo-surface-snapshot-private.h">
      <Filter>source</Filter>
    </ClInclude>
    <ClInclude Include="..\..\..\..\EAWebKitSupportPackages\cairo\local-1.12.14\source\cairo-surface-subsurface-inline.h">
      <Filter>source</Filter>
    </ClInclude>
    <ClInclude Include="..\..\..\..\EAWebKitSupportPackages\cairo\local-1.12.14\source\cairo-surface-subsurface-private.h">
      <Filter>source</Filter>
    </ClInclude>
    <ClInclude Include="..\..\..\..\EAWebKitSupportPackages\cairo\local-1.12.14\source\cairo-surface-wrapper-private.h">
      <Filter>source</Filter>
    </ClInclude>
    <ClInclude Include="..\..\..\..\EAWebKitSupportPackages\cairo\local-1.12.14\source\cairo-output-stream-private.h">
      <Filter>source</Filter>
    </ClInclude>
    <ClInclude Include="..\..\..\..\EAWebKitSupportPackages\cairo\local-1.12.14\source\cairo-paginated-private.h">
      <Filter>source</Filter>
    </ClInclude>
    <ClInclude Include="..\..\..\..\EAWebKitSupportPackages\cairo\local-1.12.14\source\cairo-paginated-surface-private.h">
      <Filter>source</Filter>
    </ClInclude>
    <ClInclude Include="..\..\..\..\EAWebKitSupportPackages\cairo\local-1.12.14\source\cairo-path-fixed-private.h">
      <Filter>source</Filter>
    </ClInclude>
    <ClInclude Include="..\..\..\..\EAWebKitSupportPackages\cairo\local-1.12.14\source\cairo-path-private.h">
      <Filter>source</Filter>
    </ClInclude>
    <ClInclude Include="..\..\..\..\EAWebKitSupportPackages\cairo\local-1.12.14\source\cairo-pattern-inline.h">
      <Filter>source</Filter>
    </ClInclude>
    <ClInclude Include="..\..\..\..\EAWebKitSupportPackages\cairo\local-1.12.14\source\cairo-pattern-private.h">
      <Filter>source</Filter>
    </ClInclude>
    <ClInclude Include="..\..\..\..\EAWebKitSupportPackages\cairo\local-1.12.14\source\cairo-private.h">
      <Filter>source</Filter>
    </ClInclude>
    <ClInclude Include="..\..\..\..\EAWebKitSupportPackages\cairo\local-1.12.14\source\cairo-recording-surface-inline.h">
      <Filter>source</Filter>
    </ClInclude>
    <ClInclude Include="..\..\..\..\EAWebKitSupportPackages\cairo\local-1.12.14\source\cairo-recording-surface-private.h">
      <Filter>source</Filter>
    </ClInclude>
    <ClInclude Include="..\..\..\..\EAWebKitSupportPackages\cairo\local-1.12.14\source\cairo-reference-count-private.h">
      <Filter>source</Filter>
    </ClInclude>
    <ClInclude Include="..\..\..\..\EAWebKitSupportPackages\cairo\local-1.12.14\source\cairo-region-private.h">
      <Filter>source</Filter>
    </ClInclude>
    <ClInclude Include="..\..\..\..\EAWebKitSupportPackages\cairo\local-1.12.14\source\cairo-rtree-private.h">
      <Filter>source</Filter>
    </ClInclude>
    <ClInclude Include="..\..\..\..\EAWebKitSupportPackages\cairo\local-1.12.14\source\cairo-scaled-font-private.h">
      <Filter>source</Filter>
    </ClInclude>
    <ClInclude Include="..\..\..\..\EAWebKitSupportPackages\cairo\local-1.12.14\source\cairo-scaled-font-subsets-private.h">
      <Filter>source</Filter>
    </ClInclude>
    <ClInclude Include="..\..\..\..\EAWebKitSupportPackages\cairo\local-1.12.14\source\cairo-slope-private.h">
      <Filter>source</Filter>
    </ClInclude>
    <ClInclude Include="..\..\..\..\EAWebKitSupportPackages\cairo\local-1.12.14\source\cairo-spans-compositor-private.h">
      <Filter>source</Filter>
    </ClInclude>
    <ClInclude Include="..\..\..\..\EAWebKitSupportPackages\cairo\local-1.12.14\source\cairo-spans-private.h">
      <Filter>source</Filter>
    </ClInclude>
    <ClInclude Include="..\..\..\..\EAWebKitSupportPackages\cairo\local-1.12.14\source\cairo-stroke-dash-private.h">
      <Filter>source</Filter>
    </ClInclude>
    <ClInclude Include="..\..\..\..\EAWebKitSupportPackages\cairo\local-1.12.14\source\cairo-surface-backend-private.h">
      <Filter>source</Filter>
    </ClInclude>
    <ClInclude Include="..\..\..\..\EAWebKitSupportPackages\cairo\local-1.12.14\source\cairo-surface-clipper-private.h">
      <Filter>source</Filter>
    </ClInclude>
    <ClInclude Include="..\..\..\..\EAWebKitSupportPackages\cairo\local-1.12.14\source\cairo-surface-fallback-private.h">
      <Filter>source</Filter>
    </ClInclude>
    <ClInclude Include="..\..\..\..\EAWebKitSupportPackages\cairo\local-1.12.14\source\cairo-version.h">
      <Filter>source</Filter>
    </ClInclude>
    <ClInclude Include="..\..\..\..\EAWebKitSupportPackages\cairo\local-1.12.14\source\cairo-wideint-private.h">
      <Filter>source</Filter>
    </ClInclude>
    <ClInclude Include="..\..\..\..\EAWebKitSupportPackages\cairo\local-1.12.14\source\cairo-wideint-type-private.h">
      <Filter>source</Filter>
    </ClInclude>
    <ClInclude Include="..\..\..\..\EAWebKitSupportPackages\cairo\local-1.12.14\source\cairo-tee-surface-private.h">
      <Filter>source</Filter>
    </ClInclude>
    <ClInclude Include="..\..\..\..\EAWebKitSupportPackages\cairo\local-1.12.14\source\cairo-time-private.h">
      <Filter>source</Filter>
    </ClInclude>
    <ClInclude Include="..\..\..\..\EAWebKitSupportPackages\cairo\local-1.12.14\source\cairo-traps-private.h">
      <Filter>source</Filter>
    </ClInclude>
    <ClInclude Include="..\..\..\..\EAWebKitSupportPackages\cairo\local-1.12.14\source\cairo-tristrip-private.h">
      <Filter>source</Filter>
    </ClInclude>
    <ClInclude Include="..\..\..\..\EAWebKitSupportPackages\cairo\local-1.12.14\source\cairo-truetype-subset-private.h">
      <Filter>source</Filter>
    </ClInclude>
    <ClInclude Include="..\..\..\..\EAWebKitSupportPackages\cairo\local-1.12.14\source\cairo-type1-private.h">
      <Filter>source</Filter>
    </ClInclude>
    <ClInclude Include="..\..\..\..\EAWebKitSupportPackages\cairo\local-1.12.14\source\cairo-types-private.h">
      <Filter>source</Filter>
    </ClInclude>
    <ClInclude Include="..\..\..\..\EAWebKitSupportPackages\cairo\local-1.12.14\source\cairo-user-font-private.h">
      <Filter>source</Filter>
    </ClInclude>
  </ItemGroup>
</Project>