<?xml version="1.0" encoding="utf-8"?>
<Project ToolsVersion="4.0" xmlns="http://schemas.microsoft.com/developer/msbuild/2003">
  <ItemGroup>
    <Filter Include="autofit">
      <UniqueIdentifier>{74b5aaa5-96e4-4cad-876b-918dab9d4eaf}</UniqueIdentifier>
    </Filter>
    <Filter Include="bdf">
      <UniqueIdentifier>{5e0e945b-398a-4f16-84e9-f7c551e20cce}</UniqueIdentifier>
    </Filter>
    <Filter Include="cache">
      <UniqueIdentifier>{6916c36b-88d1-470b-b74d-f76f059d466e}</UniqueIdentifier>
    </Filter>
    <Filter Include="cff">
      <UniqueIdentifier>{69f55e70-cd38-47fb-81c3-2ebd66936f08}</UniqueIdentifier>
    </Filter>
    <Filter Include="cid">
      <UniqueIdentifier>{0d791a8f-4cb3-40c1-9e1a-65ce89cf1844}</UniqueIdentifier>
    </Filter>
    <Filter Include="gzip">
      <UniqueIdentifier>{36eb3f3d-811c-47b5-92e8-fcbeffc220df}</UniqueIdentifier>
    </Filter>
    <Filter Include="lzw">
      <UniqueIdentifier>{3cf66f20-6bbe-4139-a19f-d10aa7a5ef61}</UniqueIdentifier>
    </Filter>
    <Filter Include="pcf">
      <UniqueIdentifier>{0b62f614-fdb5-4459-9c35-bbca9bdfa166}</UniqueIdentifier>
    </Filter>
    <Filter Include="pfr">
      <UniqueIdentifier>{a3c947a4-9641-464f-b44f-e63375d32d5f}</UniqueIdentifier>
    </Filter>
    <Filter Include="psaux">
      <UniqueIdentifier>{94b9f629-33fc-402b-a208-992e3cb6dda6}</UniqueIdentifier>
    </Filter>
    <Filter Include="pshinter">
      <UniqueIdentifier>{44b69eeb-f638-44c8-a861-984b046be71f}</UniqueIdentifier>
    </Filter>
    <Filter Include="psnames">
      <UniqueIdentifier>{d03e97be-c7c2-46ae-aee3-844274f0c933}</UniqueIdentifier>
    </Filter>
    <Filter Include="raster">
      <UniqueIdentifier>{334abe11-1efa-4560-b82c-3a33f8ff54aa}</UniqueIdentifier>
    </Filter>
    <Filter Include="sfnt">
      <UniqueIdentifier>{7cf82d88-b78a-4fba-9552-66bc2073e3c0}</UniqueIdentifier>
    </Filter>
    <Filter Include="smooth">
      <UniqueIdentifier>{9ae56b10-8bcd-44c6-a7f1-049336b3c930}</UniqueIdentifier>
    </Filter>
    <Filter Include="truetype">
      <UniqueIdentifier>{7de11266-25da-48a3-9ee0-7e9a9e1d2450}</UniqueIdentifier>
    </Filter>
    <Filter Include="type1">
      <UniqueIdentifier>{f002ef6d-306a-4993-b648-d9f3a415e3bf}</UniqueIdentifier>
    </Filter>
    <Filter Include="type42">
      <UniqueIdentifier>{44b8750a-be68-4339-8645-df3010dd772c}</UniqueIdentifier>
    </Filter>
    <Filter Include="winfonts">
      <UniqueIdentifier>{489b7324-1419-4f59-b9a4-d61fd050d80a}</UniqueIdentifier>
    </Filter>
    <Filter Include="base">
      <UniqueIdentifier>{c29c2e72-717e-4381-be8b-f450bfe13dfb}</UniqueIdentifier>
    </Filter>
  </ItemGroup>
  <ItemGroup>
    <ClCompile Include="..\..\..\..\EAWebKitSupportPackages\FreeTypeEAWebKit\local-2.4.8.02-01\freetype-2.4.8\src\autofit\autofit.c">
      <Filter>autofit</Filter>
    </ClCompile>
    <ClCompile Include="..\..\..\..\EAWebKitSupportPackages\FreeTypeEAWebKit\local-2.4.8.02-01\freetype-2.4.8\src\base\ftsynth.c">
      <Filter>base</Filter>
    </ClCompile>
    <ClCompile Include="..\..\..\..\EAWebKitSupportPackages\FreeTypeEAWebKit\local-2.4.8.02-01\freetype-2.4.8\src\base\fttype1.c">
      <Filter>base</Filter>
    </ClCompile>
    <ClCompile Include="..\..\..\..\EAWebKitSupportPackages\FreeTypeEAWebKit\local-2.4.8.02-01\freetype-2.4.8\src\base\ftwinfnt.c">
      <Filter>base</Filter>
    </ClCompile>
    <ClCompile Include="..\..\..\..\EAWebKitSupportPackages\FreeTypeEAWebKit\local-2.4.8.02-01\freetype-2.4.8\src\base\ftbase.c">
      <Filter>base</Filter>
    </ClCompile>
    <ClCompile Include="..\..\..\..\EAWebKitSupportPackages\FreeTypeEAWebKit\local-2.4.8.02-01\freetype-2.4.8\src\base\ftbbox.c">
      <Filter>base</Filter>
    </ClCompile>
    <ClCompile Include="..\..\..\..\EAWebKitSupportPackages\FreeTypeEAWebKit\local-2.4.8.02-01\freetype-2.4.8\src\base\ftbitmap.c">
      <Filter>base</Filter>
    </ClCompile>
    <ClCompile Include="..\..\..\..\EAWebKitSupportPackages\FreeTypeEAWebKit\local-2.4.8.02-01\freetype-2.4.8\src\base\ftdebug.c">
      <Filter>base</Filter>
    </ClCompile>
    <ClCompile Include="..\..\..\..\EAWebKitSupportPackages\FreeTypeEAWebKit\local-2.4.8.02-01\freetype-2.4.8\src\base\ftfstype.c">
      <Filter>base</Filter>
    </ClCompile>
    <ClCompile Include="..\..\..\..\EAWebKitSupportPackages\FreeTypeEAWebKit\local-2.4.8.02-01\freetype-2.4.8\src\base\ftgasp.c">
      <Filter>base</Filter>
    </ClCompile>
    <ClCompile Include="..\..\..\..\EAWebKitSupportPackages\FreeTypeEAWebKit\local-2.4.8.02-01\freetype-2.4.8\src\base\ftglyph.c">
      <Filter>base</Filter>
    </ClCompile>
    <ClCompile Include="..\..\..\..\EAWebKitSupportPackages\FreeTypeEAWebKit\local-2.4.8.02-01\freetype-2.4.8\src\base\ftinit.c">
      <Filter>base</Filter>
    </ClCompile>
    <ClCompile Include="..\..\..\..\EAWebKitSupportPackages\FreeTypeEAWebKit\local-2.4.8.02-01\freetype-2.4.8\src\base\ftmm.c">
      <Filter>base</Filter>
    </ClCompile>
    <ClCompile Include="..\..\..\..\EAWebKitSupportPackages\FreeTypeEAWebKit\local-2.4.8.02-01\freetype-2.4.8\src\base\ftpfr.c">
      <Filter>base</Filter>
    </ClCompile>
    <ClCompile Include="..\..\..\..\EAWebKitSupportPackages\FreeTypeEAWebKit\local-2.4.8.02-01\freetype-2.4.8\src\base\ftstroke.c">
      <Filter>base</Filter>
    </ClCompile>
    <ClCompile Include="..\..\..\..\EAWebKitSupportPackages\FreeTypeEAWebKit\local-2.4.8.02-01\freetype-2.4.8\src\bdf\bdf.c">
      <Filter>bdf</Filter>
    </ClCompile>
    <ClCompile Include="..\..\..\..\EAWebKitSupportPackages\FreeTypeEAWebKit\local-2.4.8.02-01\freetype-2.4.8\src\cache\ftcache.c">
      <Filter>cache</Filter>
    </ClCompile>
    <ClCompile Include="..\..\..\..\EAWebKitSupportPackages\FreeTypeEAWebKit\local-2.4.8.02-01\freetype-2.4.8\src\cff\cff.c">
      <Filter>cff</Filter>
    </ClCompile>
    <ClCompile Include="..\..\..\..\EAWebKitSupportPackages\FreeTypeEAWebKit\local-2.4.8.02-01\freetype-2.4.8\src\cid\type1cid.c">
      <Filter>cid</Filter>
    </ClCompile>
    <ClCompile Include="..\..\..\..\EAWebKitSupportPackages\FreeTypeEAWebKit\local-2.4.8.02-01\freetype-2.4.8\src\gzip\ftgzip.c">
      <Filter>gzip</Filter>
    </ClCompile>
    <ClCompile Include="..\..\..\..\EAWebKitSupportPackages\FreeTypeEAWebKit\local-2.4.8.02-01\freetype-2.4.8\src\lzw\ftlzw.c">
      <Filter>lzw</Filter>
    </ClCompile>
    <ClCompile Include="..\..\..\..\EAWebKitSupportPackages\FreeTypeEAWebKit\local-2.4.8.02-01\freetype-2.4.8\src\pcf\pcf.c">
      <Filter>pcf</Filter>
    </ClCompile>
    <ClCompile Include="..\..\..\..\EAWebKitSupportPackages\FreeTypeEAWebKit\local-2.4.8.02-01\freetype-2.4.8\src\pfr\pfr.c">
      <Filter>pfr</Filter>
    </ClCompile>
    <ClCompile Include="..\..\..\..\EAWebKitSupportPackages\FreeTypeEAWebKit\local-2.4.8.02-01\freetype-2.4.8\src\psaux\psaux.c">
      <Filter>psaux</Filter>
    </ClCompile>
    <ClCompile Include="..\..\..\..\EAWebKitSupportPackages\FreeTypeEAWebKit\local-2.4.8.02-01\freetype-2.4.8\src\pshinter\pshinter.c">
      <Filter>pshinter</Filter>
    </ClCompile>
    <ClCompile Include="..\..\..\..\EAWebKitSupportPackages\FreeTypeEAWebKit\local-2.4.8.02-01\freetype-2.4.8\src\psnames\psnames.c">
      <Filter>psnames</Filter>
    </ClCompile>
    <ClCompile Include="..\..\..\..\EAWebKitSupportPackages\FreeTypeEAWebKit\local-2.4.8.02-01\freetype-2.4.8\src\raster\raster.c">
      <Filter>raster</Filter>
    </ClCompile>
    <ClCompile Include="..\..\..\..\EAWebKitSupportPackages\FreeTypeEAWebKit\local-2.4.8.02-01\freetype-2.4.8\src\sfnt\sfnt.c">
      <Filter>sfnt</Filter>
    </ClCompile>
    <ClCompile Include="..\..\..\..\EAWebKitSupportPackages\FreeTypeEAWebKit\local-2.4.8.02-01\freetype-2.4.8\src\smooth\smooth.c">
      <Filter>smooth</Filter>
    </ClCompile>
    <ClCompile Include="..\..\..\..\EAWebKitSupportPackages\FreeTypeEAWebKit\local-2.4.8.02-01\freetype-2.4.8\src\truetype\truetype.c">
      <Filter>truetype</Filter>
    </ClCompile>
    <ClCompile Include="..\..\..\..\EAWebKitSupportPackages\FreeTypeEAWebKit\local-2.4.8.02-01\freetype-2.4.8\src\type1\type1.c">
      <Filter>type1</Filter>
    </ClCompile>
    <ClCompile Include="..\..\..\..\EAWebKitSupportPackages\FreeTypeEAWebKit\local-2.4.8.02-01\freetype-2.4.8\src\type42\type42.c">
      <Filter>type42</Filter>
    </ClCompile>
    <ClCompile Include="..\..\..\..\EAWebKitSupportPackages\FreeTypeEAWebKit\local-2.4.8.02-01\freetype-2.4.8\src\winfonts\winfnt.c">
      <Filter>winfonts</Filter>
    </ClCompile>
    <ClCompile Include="..\..\..\..\EAWebKitSupportPackages\FreeTypeEAWebKit\local-2.4.8.02-01\freetype-2.4.8\src\base\ftsystem.c">
      <Filter>base</Filter>
    </ClCompile>
  </ItemGroup>
</Project>