<?xml version="1.0" encoding="utf-8"?>
<Project ToolsVersion="4.0" xmlns="http://schemas.microsoft.com/developer/msbuild/2003">
  <ItemGroup>
    <Filter Include="include">
      <UniqueIdentifier>{e68c6354-797a-4431-ab92-51a6d34d41ee}</UniqueIdentifier>
    </Filter>
    <Filter Include="source">
      <UniqueIdentifier>{cfc776d5-2d9e-4e19-bf84-3ad3cba935da}</UniqueIdentifier>
    </Filter>
  </ItemGroup>
  <ItemGroup>
    <ClCompile Include="..\..\..\..\EAWebKitSupportPackages\SQLiteEAWebKit\local\source\sqlite3.c">
      <Filter>source</Filter>
    </ClCompile>
  </ItemGroup>
  <ItemGroup>
    <ClInclude Include="..\..\..\..\EAWebKitSupportPackages\SQLiteEAWebKit\local\include\sqlite3.h">
      <Filter>include</Filter>
    </ClInclude>
    <ClInclude Include="..\..\..\..\EAWebKitSupportPackages\SQLiteEAWebKit\local\include\sqlite3ext.h">
      <Filter>include</Filter>
    </ClInclude>
  </ItemGroup>
</Project>