<?xml version="1.0" encoding="utf-8"?>
<Project ToolsVersion="4.0" xmlns="http://schemas.microsoft.com/developer/msbuild/2003">
  <ItemGroup>
    <Filter Include="core">
      <UniqueIdentifier>{687ef602-a449-4d0b-a33c-80d3ce91886e}</UniqueIdentifier>
    </Filter>
    <Filter Include="platform">
      <UniqueIdentifier>{f6d931dd-40b5-4b7f-9a76-8496294f2996}</UniqueIdentifier>
    </Filter>
    <Filter Include="core\crypt">
      <UniqueIdentifier>{6229dc19-6604-4513-a01f-d6fc3140363c}</UniqueIdentifier>
    </Filter>
    <Filter Include="core\dirtysock">
      <UniqueIdentifier>{983c9f1e-ded8-4498-bba5-4a1388b7f837}</UniqueIdentifier>
    </Filter>
    <Filter Include="core\proto">
      <UniqueIdentifier>{afec5e77-f272-4557-8e5c-02b4ff2fb803}</UniqueIdentifier>
    </Filter>
    <Filter Include="core\util">
      <UniqueIdentifier>{ad9fd416-3423-481f-963a-4d99a9bab118}</UniqueIdentifier>
    </Filter>
    <Filter Include="core\dirtysock\unix">
      <UniqueIdentifier>{ff19ca46-48bb-4466-bc64-8d46b2a7c8a5}</UniqueIdentifier>
    </Filter>
  </ItemGroup>
  <ItemGroup>
    <ClCompile Include="..\..\..\..\EAWebKitSupportPackages\DirtySDKEAWebKit\local\platform\plat-time.c">
      <Filter>platform</Filter>
    </ClCompile>
    <ClCompile Include="..\..\..\..\EAWebKitSupportPackages\DirtySDKEAWebKit\local\platform\plat-str.c">
      <Filter>platform</Filter>
    </ClCompile>
    <ClCompile Include="..\..\..\..\EAWebKitSupportPackages\DirtySDKEAWebKit\local\core\source\crypt\cryptmd5.c">
      <Filter>core\crypt</Filter>
    </ClCompile>
    <ClCompile Include="..\..\..\..\EAWebKitSupportPackages\DirtySDKEAWebKit\local\core\source\crypt\cryptrsa.c">
      <Filter>core\crypt</Filter>
    </ClCompile>
    <ClCompile Include="..\..\..\..\EAWebKitSupportPackages\DirtySDKEAWebKit\local\core\source\crypt\cryptsha1.c">
      <Filter>core\crypt</Filter>
    </ClCompile>
    <ClCompile Include="..\..\..\..\EAWebKitSupportPackages\DirtySDKEAWebKit\local\core\source\crypt\cryptarc4.c">
      <Filter>core\crypt</Filter>
    </ClCompile>
    <ClCompile Include="..\..\..\..\EAWebKitSupportPackages\DirtySDKEAWebKit\local\core\source\crypt\cryptmd2.c">
      <Filter>core\crypt</Filter>
    </ClCompile>
    <ClCompile Include="..\..\..\..\EAWebKitSupportPackages\DirtySDKEAWebKit\local\core\source\dirtysock\dirtymem.c">
      <Filter>core\dirtysock</Filter>
    </ClCompile>
    <ClCompile Include="..\..\..\..\EAWebKitSupportPackages\DirtySDKEAWebKit\local\core\source\dirtysock\dirtynet.c">
      <Filter>core\dirtysock</Filter>
    </ClCompile>
    <ClCompile Include="..\..\..\..\EAWebKitSupportPackages\DirtySDKEAWebKit\local\core\source\dirtysock\platformsocketapi.c">
      <Filter>core\dirtysock</Filter>
    </ClCompile>
    <ClCompile Include="..\..\..\..\EAWebKitSupportPackages\DirtySDKEAWebKit\local\core\source\dirtysock\dirtylib.c">
      <Filter>core\dirtysock</Filter>
    </ClCompile>
    <ClCompile Include="..\..\..\..\EAWebKitSupportPackages\DirtySDKEAWebKit\local\core\source\proto\protossl.c">
      <Filter>core\proto</Filter>
    </ClCompile>
    <ClCompile Include="..\..\..\..\EAWebKitSupportPackages\DirtySDKEAWebKit\local\core\source\proto\protohttp.c">
      <Filter>core\proto</Filter>
    </ClCompile>
    <ClCompile Include="..\..\..\..\EAWebKitSupportPackages\DirtySDKEAWebKit\local\core\source\proto\protohttpmanager.c">
      <Filter>core\proto</Filter>
    </ClCompile>
    <ClCompile Include="..\..\..\..\EAWebKitSupportPackages\DirtySDKEAWebKit\local\core\source\util\lobbybase64.c">
      <Filter>core\util</Filter>
    </ClCompile>
    <ClCompile Include="..\..\..\..\EAWebKitSupportPackages\DirtySDKEAWebKit\local\core\source\dirtysock\unix\dirtynetdummy.c">
      <Filter>core\dirtysock\unix</Filter>
    </ClCompile>
  </ItemGroup>
</Project>